
Microsoft Visual Studio Solution File, Format Version 12.00
# Visual Studio Version 17
VisualStudioVersion = 17.0.31903.59
MinimumVisualStudioVersion = 10.0.40219.1
Project("{FAE04EC0-301F-11D3-BF4B-00C04F79EFBC}") = "AssignedTask.Web", "AssignedTask.Web\AssignedTask.Web.csproj", "{F788A290-74B7-442D-ADCA-D5BBCC50B4AE}"
EndProject
Project("{FAE04EC0-301F-11D3-BF4B-00C04F79EFBC}") = "AssignedTask.DataAccess", "AssignedTask.DataAccess\AssignedTask.DataAccess.csproj", "{FEF5BF7C-E786-4882-A1EF-93440BE3D311}"
EndProject
Project("{FAE04EC0-301F-11D3-BF4B-00C04F79EFBC}") = "AssignedTask.BusinessLogic", "AssignedTask.BusinessLogic\AssignedTask.BusinessLogic.csproj", "{15C413B8-4CD5-471B-9129-D80ED4C1227C}"
EndProject
Global
	GlobalSection(SolutionConfigurationPlatforms) = preSolution
		Debug|Any CPU = Debug|Any CPU
		Release|Any CPU = Release|Any CPU
	EndGlobalSection
	GlobalSection(SolutionProperties) = preSolution
		HideSolutionNode = FALSE
	EndGlobalSection
	GlobalSection(ProjectConfigurationPlatforms) = postSolution
		{F788A290-74B7-442D-ADCA-D5BBCC50B4AE}.Debug|Any CPU.ActiveCfg = Debug|Any CPU
		{F788A290-74B7-442D-ADCA-D5BBCC50B4AE}.Debug|Any CPU.Build.0 = Debug|Any CPU
		{F788A290-74B7-442D-ADCA-D5BBCC50B4AE}.Release|Any CPU.ActiveCfg = Release|Any CPU
		{F788A290-74B7-442D-ADCA-D5BBCC50B4AE}.Release|Any CPU.Build.0 = Release|Any CPU
		{FEF5BF7C-E786-4882-A1EF-93440BE3D311}.Debug|Any CPU.ActiveCfg = Debug|Any CPU
		{FEF5BF7C-E786-4882-A1EF-93440BE3D311}.Debug|Any CPU.Build.0 = Debug|Any CPU
		{FEF5BF7C-E786-4882-A1EF-93440BE3D311}.Release|Any CPU.ActiveCfg = Release|Any CPU
		{FEF5BF7C-E786-4882-A1EF-93440BE3D311}.Release|Any CPU.Build.0 = Release|Any CPU
		{15C413B8-4CD5-471B-9129-D80ED4C1227C}.Debug|Any CPU.ActiveCfg = Debug|Any CPU
		{15C413B8-4CD5-471B-9129-D80ED4C1227C}.Debug|Any CPU.Build.0 = Debug|Any CPU
		{15C413B8-4CD5-471B-9129-D80ED4C1227C}.Release|Any CPU.ActiveCfg = Release|Any CPU
		{15C413B8-4CD5-471B-9129-D80ED4C1227C}.Release|Any CPU.Build.0 = Release|Any CPU
	EndGlobalSection
EndGlobal
